{
  "nodes": {
    "HTTP": {
      "flake": false,
      "locked": {
        "lastModified": 1451647621,
        "narHash": "sha256-oHIyw3x0iKBexEo49YeUDV1k74ZtyYKGR2gNJXXRxts=",
        "owner": "phadej",
        "repo": "HTTP",
        "rev": "9bc0996d412fef1787449d841277ef663ad9a915",
        "type": "github"
      },
      "original": {
        "owner": "phadej",
        "repo": "HTTP",
        "type": "github"
      }
    },
    "adawallet": {
      "inputs": {
        "cardano-addresses": "cardano-addresses",
        "cardano-node": "cardano-node",
        "cardano-rosetta": "cardano-rosetta",
        "nixpkgs": "nixpkgs_3"
      },
      "locked": {
        "lastModified": 1613449643,
        "narHash": "sha256-54zWDg0SlZIp0MSw7UGfZEjhTBNrkAt+LtJT69UPsH4=",
        "owner": "input-output-hk",
        "repo": "adawallet",
        "rev": "fd4a65ea952aca29123919383689bec7603263d9",
        "type": "github"
      },
      "original": {
        "owner": "input-output-hk",
        "ref": "nix-flake-old-hw-cli",
        "repo": "adawallet",
        "type": "github"
      }
    },
    "cabal-32": {
      "flake": false,
      "locked": {
        "lastModified": 1603716527,
        "narHash": "sha256-sDbrmur9Zfp4mPKohCD8IDZfXJ0Tjxpmr2R+kg5PpSY=",
        "owner": "haskell",
        "repo": "cabal",
        "rev": "94aaa8e4720081f9c75497e2735b90f6a819b08e",
        "type": "github"
      },
      "original": {
        "owner": "haskell",
        "ref": "3.2",
        "repo": "cabal",
        "type": "github"
      }
    },
    "cabal-34": {
      "flake": false,
      "locked": {
        "lastModified": 1622475795,
        "narHash": "sha256-chwTL304Cav+7p38d9mcb+egABWmxo2Aq+xgVBgEb/U=",
        "owner": "haskell",
        "repo": "cabal",
        "rev": "b086c1995cdd616fc8d91f46a21e905cc50a1049",
        "type": "github"
      },
      "original": {
        "owner": "haskell",
        "ref": "3.4",
        "repo": "cabal",
        "type": "github"
      }
    },
    "cabal-36": {
      "flake": false,
      "locked": {
        "lastModified": 1640163203,
        "narHash": "sha256-TwDWP2CffT0j40W6zr0J1Qbu+oh3nsF1lUx9446qxZM=",
        "owner": "haskell",
        "repo": "cabal",
        "rev": "ecf418050c1821f25e2e218f1be94c31e0465df1",
        "type": "github"
      },
      "original": {
        "owner": "haskell",
        "ref": "3.6",
        "repo": "cabal",
        "type": "github"
      }
    },
    "cardano-addresses": {
      "inputs": {
        "haskell-nix": "haskell-nix",
        "nixpkgs": "nixpkgs",
        "utils": "utils"
      },
      "locked": {
        "lastModified": 1613363620,
        "narHash": "sha256-ESgfEsucnH9Xi3OPSETVbywGMnd4NM58QH0/hkxbfbQ=",
        "owner": "input-output-hk",
        "repo": "cardano-addresses",
        "rev": "233eb6d9a5995e2d664865fb44667251d2ae2121",
        "type": "github"
      },
      "original": {
        "owner": "input-output-hk",
        "ref": "nix-flake",
        "repo": "cardano-addresses",
        "type": "github"
      }
    },
    "cardano-node": {
      "inputs": {
        "haskell-nix": "haskell-nix_2",
        "nixpkgs": "nixpkgs_2",
        "utils": "utils_2"
      },
      "locked": {
        "lastModified": 1613359311,
        "narHash": "sha256-EoFynUJbZhch9CV1ZTh2fJ/tK7TvKgQb2Ei8Y/PV7Gg=",
        "owner": "input-output-hk",
        "repo": "cardano-node",
        "rev": "77b45ef55234b689a64bce05d86f5adf3ed8ee84",
        "type": "github"
      },
      "original": {
        "owner": "input-output-hk",
        "ref": "nix-flake",
        "repo": "cardano-node",
        "type": "github"
      }
    },
    "cardano-node_2": {
      "inputs": {
        "customConfig": "customConfig",
        "haskellNix": "haskellNix",
        "iohkNix": "iohkNix",
        "nixpkgs": [
          "cardano-node",
          "haskellNix",
          "nixpkgs-2105"
        ],
        "utils": "utils_3"
      },
      "locked": {
        "lastModified": 1642611527,
        "narHash": "sha256-dTxCDAL+lKDFPJDOp0XJuQ5JjbB3BLrVkvzgjRrBl7E=",
        "owner": "input-output-hk",
        "repo": "cardano-node",
        "rev": "42582c828ac4c364839427bc5bd604a03c9ac6b3",
        "type": "github"
      },
      "original": {
        "owner": "input-output-hk",
        "repo": "cardano-node",
        "type": "github"
      }
    },
    "cardano-rosetta": {
      "flake": false,
      "locked": {
        "lastModified": 1612206509,
        "narHash": "sha256-LkUV4HB04sqNmhCv/vwVheQzCYmmukC0iT9Y1sXqPTk=",
        "owner": "input-output-hk",
        "repo": "cardano-rosetta",
        "rev": "46f814f78884377010b46e6e307746ebea02ffce",
        "type": "github"
      },
      "original": {
        "owner": "input-output-hk",
        "ref": "1.1.0",
        "repo": "cardano-rosetta",
        "type": "github"
      }
    },
    "cardano-shell": {
      "flake": false,
      "locked": {
        "lastModified": 1608537748,
        "narHash": "sha256-PulY1GfiMgKVnBci3ex4ptk2UNYMXqGjJOxcPy2KYT4=",
        "owner": "input-output-hk",
        "repo": "cardano-shell",
        "rev": "9392c75087cb9a3d453998f4230930dea3a95725",
        "type": "github"
      },
      "original": {
        "owner": "input-output-hk",
        "repo": "cardano-shell",
        "type": "github"
      }
    },
    "cncli": {
      "inputs": {
        "iohk-nix": "iohk-nix",
        "nixpkgs": "nixpkgs_4",
        "rust-nix": "rust-nix",
        "utils": "utils_4"
      },
      "locked": {
        "lastModified": 1617895190,
        "narHash": "sha256-uffuj9YSGIRqL+8sg7VVx1YEMse3TgObTWy2IqykLdg=",
        "owner": "AndrewWestberg",
        "repo": "cncli",
        "rev": "b0e2326f23628c6655b41ec93f5cdebe99166678",
        "type": "github"
      },
      "original": {
        "owner": "AndrewWestberg",
        "repo": "cncli",
        "type": "github"
      }
    },
    "customConfig": {
      "locked": {
        "lastModified": 1630400035,
        "narHash": "sha256-MWaVOCzuFwp09wZIW9iHq5wWen5C69I940N1swZLEQ0=",
        "owner": "input-output-hk",
        "repo": "empty-flake",
        "rev": "2040a05b67bf9a669ce17eca56beb14b4206a99a",
        "type": "github"
      },
      "original": {
        "owner": "input-output-hk",
        "repo": "empty-flake",
        "type": "github"
      }
    },
    "deploy": {
      "inputs": {
        "fenix": [
          "fenix"
        ],
        "flake-compat": "flake-compat",
        "nixpkgs": [
          "fenix",
          "nixpkgs"
        ],
        "utils": "utils_5"
      },
      "locked": {
        "lastModified": 1639771334,
        "narHash": "sha256-4hgZmsCPaL5QlcEijHmzaYYrEwHtUFqraCUrCqLGJOo=",
        "owner": "input-output-hk",
        "repo": "deploy-rs",
        "rev": "7267eab9139ca4476fd8ed49e2e8652bba4c037f",
        "type": "github"
      },
      "original": {
        "owner": "input-output-hk",
        "repo": "deploy-rs",
        "type": "github"
      }
    },
    "fenix": {
      "inputs": {
        "nixpkgs": "nixpkgs_6",
        "rust-analyzer-src": "rust-analyzer-src"
      },
      "locked": {
        "lastModified": 1642486955,
        "narHash": "sha256-PiPn+ClAr/294i3hGHRygGCPtDrDnqbyl7JRcYRLmZc=",
        "owner": "nix-community",
        "repo": "fenix",
        "rev": "a69f7ac3008066e991a83367bbe89c11ccf239ab",
        "type": "github"
      },
      "original": {
        "owner": "nix-community",
        "repo": "fenix",
        "type": "github"
      }
    },
    "flake-compat": {
      "flake": false,
      "locked": {
        "lastModified": 1627913399,
        "narHash": "sha256-hY8g6H2KFL8ownSiFeMOjwPC8P0ueXpCVEbxgda3pko=",
        "owner": "edolstra",
        "repo": "flake-compat",
        "rev": "12c64ca55c1014cdc1b16ed5a804aa8576601ff2",
        "type": "github"
      },
      "original": {
        "owner": "edolstra",
        "repo": "flake-compat",
        "type": "github"
      }
    },
    "flake-utils": {
      "locked": {
        "lastModified": 1623875721,
        "narHash": "sha256-A8BU7bjS5GirpAUv4QA+QnJ4CceLHkcXdRp4xITDB0s=",
        "owner": "numtide",
        "repo": "flake-utils",
        "rev": "f7e004a55b120c02ecb6219596820fcd32ca8772",
        "type": "github"
      },
      "original": {
        "owner": "numtide",
        "repo": "flake-utils",
        "type": "github"
      }
    },
    "flake-utils_2": {
      "locked": {
        "lastModified": 1638122382,
        "narHash": "sha256-sQzZzAbvKEqN9s0bzWuYmRaA03v40gaJ4+iL1LXjaeI=",
        "owner": "numtide",
        "repo": "flake-utils",
        "rev": "74f7e4319258e287b0f9cb95426c9853b282730b",
        "type": "github"
      },
      "original": {
        "owner": "numtide",
        "repo": "flake-utils",
        "type": "github"
      }
    },
    "ghc-8.6.5-iohk": {
      "flake": false,
      "locked": {
        "lastModified": 1600920045,
        "narHash": "sha256-DO6kxJz248djebZLpSzTGD6s8WRpNI9BTwUeOf5RwY8=",
        "owner": "input-output-hk",
        "repo": "ghc",
        "rev": "95713a6ecce4551240da7c96b6176f980af75cae",
        "type": "github"
      },
      "original": {
        "owner": "input-output-hk",
        "ref": "release/8.6.5-iohk",
        "repo": "ghc",
        "type": "github"
      }
    },
    "hackage": {
      "flake": false,
      "locked": {
        "lastModified": 1642641300,
        "narHash": "sha256-mywMnYd/Ta/QrrIl1dnboroeHeQalxVNoa1XQJFNqvc=",
        "owner": "input-output-hk",
        "repo": "hackage.nix",
        "rev": "ff0620fb464d2b270bef6d631cd635319e5fefe1",
        "type": "github"
      },
      "original": {
        "owner": "input-output-hk",
        "repo": "hackage.nix",
        "type": "github"
      }
    },
    "haskell-nix": {
      "locked": {
        "lastModified": 1611120169,
        "narHash": "sha256-ad4VJZBNu7OLrWT+QOnNhd8YevSXpYgZug3sFnAlk/Y=",
        "owner": "input-output-hk",
        "repo": "haskell.nix",
        "rev": "e6ba58f72fa787330ada12b31281bb1c87369cc3",
        "type": "github"
      },
      "original": {
        "owner": "input-output-hk",
        "repo": "haskell.nix",
        "type": "github"
      }
    },
    "haskell-nix_2": {
      "locked": {
        "lastModified": 1611120169,
        "narHash": "sha256-ad4VJZBNu7OLrWT+QOnNhd8YevSXpYgZug3sFnAlk/Y=",
        "owner": "input-output-hk",
        "repo": "haskell.nix",
        "rev": "e6ba58f72fa787330ada12b31281bb1c87369cc3",
        "type": "github"
      },
      "original": {
        "owner": "input-output-hk",
        "repo": "haskell.nix",
        "type": "github"
      }
    },
    "haskellNix": {
      "inputs": {
        "HTTP": "HTTP",
        "cabal-32": "cabal-32",
        "cabal-34": "cabal-34",
        "cabal-36": "cabal-36",
        "cardano-shell": "cardano-shell",
        "flake-utils": "flake-utils",
        "ghc-8.6.5-iohk": "ghc-8.6.5-iohk",
        "hackage": "hackage",
        "hpc-coveralls": "hpc-coveralls",
        "nix-tools": "nix-tools",
        "nixpkgs": [
          "cardano-node",
          "nixpkgs"
        ],
        "nixpkgs-2003": "nixpkgs-2003",
        "nixpkgs-2105": "nixpkgs-2105",
        "nixpkgs-2111": "nixpkgs-2111",
        "nixpkgs-unstable": "nixpkgs-unstable",
        "old-ghc-nix": "old-ghc-nix",
        "stackage": "stackage"
      },
      "locked": {
        "lastModified": 1642641487,
        "narHash": "sha256-8yxUuFcoq0inD/nEHO0IVRP1EAJJrCDkn0Ac8xLRj94=",
        "owner": "input-output-hk",
        "repo": "haskell.nix",
        "rev": "6e28c4c53c5001b2603ce532822bebefe4988c61",
        "type": "github"
      },
      "original": {
        "owner": "input-output-hk",
        "repo": "haskell.nix",
        "type": "github"
      }
    },
    "hpc-coveralls": {
      "flake": false,
      "locked": {
        "lastModified": 1607498076,
        "narHash": "sha256-8uqsEtivphgZWYeUo5RDUhp6bO9j2vaaProQxHBltQk=",
        "owner": "sevanspowell",
        "repo": "hpc-coveralls",
        "rev": "14df0f7d229f4cd2e79f8eabb1a740097fdfa430",
        "type": "github"
      },
      "original": {
        "owner": "sevanspowell",
        "repo": "hpc-coveralls",
        "type": "github"
      }
    },
    "iohk-nix": {
      "flake": false,
      "locked": {
        "lastModified": 1615911315,
        "narHash": "sha256-3GiYZendBOpHfgDkfBI/GJfhJ3hOdd/fDq8VWSMdtng=",
        "owner": "input-output-hk",
        "repo": "iohk-nix",
        "rev": "bc4216c5b0e14dbde5541763f4952f99c3c712fa",
        "type": "github"
      },
      "original": {
        "owner": "input-output-hk",
        "repo": "iohk-nix",
        "type": "github"
      }
    },
    "iohkNix": {
      "inputs": {
        "nixpkgs": [
          "cardano-node",
          "nixpkgs"
        ]
      },
      "locked": {
        "lastModified": 1629474248,
        "narHash": "sha256-qKlcKdm0Pvpqt3jtWJPVL7CWYk92vzY2dmude61dTow=",
        "owner": "input-output-hk",
        "repo": "iohk-nix",
        "rev": "266ca46a8d1cb4286b9699b4fd435066e88440ac",
        "type": "github"
      },
      "original": {
        "owner": "input-output-hk",
        "repo": "iohk-nix",
        "type": "github"
      }
    },
    "nix-tools": {
      "flake": false,
      "locked": {
        "lastModified": 1636018067,
        "narHash": "sha256-ng306fkuwr6V/malWtt3979iAC4yMVDDH2ViwYB6sQE=",
        "owner": "input-output-hk",
        "repo": "nix-tools",
        "rev": "ed5bd7215292deba55d6ab7a4e8c21f8b1564dda",
        "type": "github"
      },
      "original": {
        "owner": "input-output-hk",
        "repo": "nix-tools",
        "type": "github"
      }
    },
    "nixos-hardware": {
      "locked": {
        "lastModified": 1617690895,
        "narHash": "sha256-5TUizPI+ibn/LBzevTIIyIZ1XeLl3HU0PTRk7H6AKTQ=",
        "owner": "NixOS",
        "repo": "nixos-hardware",
        "rev": "7c00c8b5cab5dedb6519eabba7ca6d069e2dfdae",
        "type": "github"
      },
      "original": {
        "owner": "NixOS",
        "repo": "nixos-hardware",
        "type": "github"
      }
    },
    "nixpkgs": {
      "locked": {
        "lastModified": 1613208951,
        "narHash": "sha256-pxDu+9KZBnZkMcKBqSAqw1oQwTIbxTeIwcMtygLsWio=",
        "owner": "NixOS",
        "repo": "nixpkgs",
        "rev": "2118cf551b9944cfdb929b8ea03556f097dd0381",
        "type": "github"
      },
      "original": {
        "owner": "NixOS",
        "ref": "nixos-20.09",
        "repo": "nixpkgs",
        "type": "github"
      }
    },
    "nixpkgs-2003": {
      "locked": {
        "lastModified": 1620055814,
        "narHash": "sha256-8LEHoYSJiL901bTMVatq+rf8y7QtWuZhwwpKE2fyaRY=",
        "owner": "NixOS",
        "repo": "nixpkgs",
        "rev": "1db42b7fe3878f3f5f7a4f2dc210772fd080e205",
        "type": "github"
      },
      "original": {
        "owner": "NixOS",
        "ref": "nixpkgs-20.03-darwin",
        "repo": "nixpkgs",
        "type": "github"
      }
    },
    "nixpkgs-2105": {
      "locked": {
        "lastModified": 1640283157,
        "narHash": "sha256-6Ddfop+rKE+Gl9Tjp9YIrkfoYPzb8F80ergdjcq3/MY=",
        "owner": "NixOS",
        "repo": "nixpkgs",
        "rev": "dde1557825c5644c869c5efc7448dc03722a8f09",
        "type": "github"
      },
      "original": {
        "owner": "NixOS",
        "ref": "nixpkgs-21.05-darwin",
        "repo": "nixpkgs",
        "type": "github"
      }
    },
    "nixpkgs-2111": {
      "locked": {
        "lastModified": 1640283207,
        "narHash": "sha256-SCwl7ZnCfMDsuSYvwIroiAlk7n33bW8HFfY8NvKhcPA=",
        "owner": "NixOS",
        "repo": "nixpkgs",
        "rev": "64c7e3388bbd9206e437713351e814366e0c3284",
        "type": "github"
      },
      "original": {
        "owner": "NixOS",
        "ref": "nixpkgs-21.11-darwin",
        "repo": "nixpkgs",
        "type": "github"
      }
    },
    "nixpkgs-unstable": {
      "locked": {
        "lastModified": 1641285291,
        "narHash": "sha256-KYaOBNGar3XWTxTsYPr9P6u74KAqNq0wobEC236U+0c=",
        "owner": "NixOS",
        "repo": "nixpkgs",
        "rev": "0432195a4b8d68faaa7d3d4b355260a3120aeeae",
        "type": "github"
      },
      "original": {
        "owner": "NixOS",
        "ref": "nixpkgs-unstable",
        "repo": "nixpkgs",
        "type": "github"
      }
    },
    "nixpkgs_2": {
      "locked": {
        "lastModified": 1611413872,
        "narHash": "sha256-nD9e3f9P+YQ1qDSHdRXIAor40eqANBv1o03zGvpJsnM=",
        "owner": "NixOS",
        "repo": "nixpkgs",
        "rev": "fe08be60cb84148a3dba29cfdb090fa185cacdaa",
        "type": "github"
      },
      "original": {
        "owner": "NixOS",
        "ref": "nixos-20.09",
        "repo": "nixpkgs",
        "type": "github"
      }
    },
    "nixpkgs_3": {
      "locked": {
        "lastModified": 1613053190,
        "narHash": "sha256-2mksFALW/JFjAsO6HUSneHk0SCjoKWgSxeXgY7KptrY=",
        "owner": "NixOS",
        "repo": "nixpkgs",
        "rev": "a58a0b5098f0c2a389ee70eb69422a052982d990",
        "type": "github"
      },
      "original": {
        "owner": "NixOS",
        "ref": "nixpkgs-unstable",
        "repo": "nixpkgs",
        "type": "github"
      }
    },
    "nixpkgs_4": {
      "locked": {
        "lastModified": 1615797423,
        "narHash": "sha256-5NGDZXPQzuoxf/42NiyC9YwwhwzfMfIRrz3aT0XHzSc=",
        "owner": "NixOS",
        "repo": "nixpkgs",
        "rev": "266dc8c3d052f549826ba246d06787a219533b8f",
        "type": "github"
      },
      "original": {
        "owner": "NixOS",
        "ref": "nixos-unstable",
        "repo": "nixpkgs",
        "type": "github"
      }
    },
    "nixpkgs_5": {
      "locked": {
        "lastModified": 1642160200,
        "narHash": "sha256-5mb1nvh2vWlnKvyJzGNKsL7AQRFk+H5E/Xh83fTzYG4=",
        "owner": "NixOS",
        "repo": "nixpkgs",
        "rev": "e5a50e8f2995ff359a170d52cc40adbcfdd92ba4",
        "type": "github"
      },
      "original": {
        "id": "nixpkgs",
        "type": "indirect"
      }
    },
    "nixpkgs_6": {
      "locked": {
        "lastModified": 1642104392,
        "narHash": "sha256-m71b7MgMh9FDv4MnI5sg9MiBVW6DhE1zq+d/KlLWSC8=",
        "owner": "nixos",
        "repo": "nixpkgs",
        "rev": "5aaed40d22f0d9376330b6fa413223435ad6fee5",
        "type": "github"
      },
      "original": {
        "owner": "nixos",
        "ref": "nixos-unstable",
        "repo": "nixpkgs",
        "type": "github"
      }
    },
    "nixpkgs_7": {
      "locked": {
        "lastModified": 1636976544,
        "narHash": "sha256-9ZmdyoRz4Qu8bP5BKR1T10YbzcB9nvCeQjOEw2cRKR0=",
        "owner": "NixOS",
        "repo": "nixpkgs",
        "rev": "931ab058daa7e4cd539533963f95e2bb0dbd41e6",
        "type": "github"
      },
      "original": {
        "owner": "NixOS",
        "ref": "nixos-unstable",
        "repo": "nixpkgs",
        "type": "github"
      }
    },
    "nixpkgs_8": {
      "locked": {
        "lastModified": 1623423544,
        "narHash": "sha256-3b6CdnlUBXb2M5F7vLQ/DVRmpu31YDo1wthdybF46Dc=",
        "owner": "NixOS",
        "repo": "nixpkgs",
        "rev": "5707a8efadbd9a2bfe5aa663555c62ba2933cc81",
        "type": "github"
      },
      "original": {
        "id": "nixpkgs",
        "type": "indirect"
      }
    },
    "old-ghc-nix": {
      "flake": false,
      "locked": {
        "lastModified": 1631092763,
        "narHash": "sha256-sIKgO+z7tj4lw3u6oBZxqIhDrzSkvpHtv0Kki+lh9Fg=",
        "owner": "angerman",
        "repo": "old-ghc-nix",
        "rev": "af48a7a7353e418119b6dfe3cd1463a657f342b8",
        "type": "github"
      },
      "original": {
        "owner": "angerman",
        "ref": "master",
        "repo": "old-ghc-nix",
        "type": "github"
      }
    },
    "root": {
      "inputs": {
        "adawallet": "adawallet",
        "cardano-node": "cardano-node_2",
        "cncli": "cncli",
        "deploy": "deploy",
        "fenix": "fenix",
        "flake-utils": "flake-utils_2",
        "nixos-hardware": "nixos-hardware",
        "nixpkgs": "nixpkgs_7",
        "sops-nix": "sops-nix",
        "styx": "styx"
      }
    },
    "rust-analyzer-src": {
      "flake": false,
      "locked": {
        "lastModified": 1642463850,
        "narHash": "sha256-kY5+G0F353wG4ob5cZLPAa+lnSmbC2Z7q9HcVqe8buk=",
        "owner": "rust-analyzer",
        "repo": "rust-analyzer",
        "rev": "477b654f4f4896dab766a398cf1f2955146088d5",
        "type": "github"
      },
      "original": {
        "owner": "rust-analyzer",
        "ref": "nightly",
        "repo": "rust-analyzer",
        "type": "github"
      }
    },
    "rust-nix": {
      "inputs": {
        "nixpkgs": "nixpkgs_5"
      },
      "locked": {
        "lastModified": 1614256663,
        "narHash": "sha256-cFew8eXUJfmlaLh4f3Z+TxAAo2Syh2xWB/3Xa/Ebd70=",
        "owner": "input-output-hk",
        "repo": "rust.nix",
        "rev": "e2d4e8e5225739c4607614f98f60d2667c794558",
        "type": "github"
      },
      "original": {
        "owner": "input-output-hk",
        "ref": "work",
        "repo": "rust.nix",
        "type": "github"
      }
    },
    "sops-nix": {
      "inputs": {
        "nixpkgs": [
          "nixpkgs"
        ]
      },
      "locked": {
        "lastModified": 1641374494,
        "narHash": "sha256-a56G6Um43+0+n+yNYhRCh/mSvDdRVzQHSKcFaDEB9/8=",
        "owner": "Mic92",
        "repo": "sops-nix",
        "rev": "7edb4b080023ef12f39262a3aa7aab31015a7a0e",
        "type": "github"
      },
      "original": {
        "owner": "Mic92",
        "repo": "sops-nix",
        "type": "github"
      }
    },
    "stackage": {
      "flake": false,
      "locked": {
        "lastModified": 1642641424,
        "narHash": "sha256-tsAuEkjUMSx4L+6G+gFxJwtMARtOSiqyK4H1ZGtDa8c=",
        "owner": "input-output-hk",
        "repo": "stackage.nix",
        "rev": "33a17f0d93ee273ea15c61df4a9c6cca849661bf",
        "type": "github"
      },
      "original": {
        "owner": "input-output-hk",
        "repo": "stackage.nix",
        "type": "github"
      }
    },
    "styx": {
      "inputs": {
        "nixpkgs": "nixpkgs_8",
        "utils": "utils_6"
      },
      "locked": {
        "lastModified": 1642573301,
        "narHash": "sha256-djXJRQc5RUKqoCSaHPCDbV4eenmSWjFtwPTbSLKDGUI=",
        "owner": "disassembler",
        "repo": "styx",
        "rev": "eb640d08e62658e9252d334f5e2d3f3432ca36ad",
        "type": "github"
      },
      "original": {
        "owner": "disassembler",
        "repo": "styx",
        "type": "github"
      }
    },
    "utils": {
      "locked": {
        "lastModified": 1610051610,
        "narHash": "sha256-U9rPz/usA1/Aohhk7Cmc2gBrEEKRzcW4nwPWMPwja4Y=",
        "owner": "numtide",
        "repo": "flake-utils",
        "rev": "3982c9903e93927c2164caa727cd3f6a0e6d14cc",
        "type": "github"
      },
      "original": {
        "owner": "numtide",
        "repo": "flake-utils",
        "type": "github"
      }
    },
    "utils_2": {
      "locked": {
        "lastModified": 1610051610,
        "narHash": "sha256-U9rPz/usA1/Aohhk7Cmc2gBrEEKRzcW4nwPWMPwja4Y=",
        "owner": "numtide",
        "repo": "flake-utils",
        "rev": "3982c9903e93927c2164caa727cd3f6a0e6d14cc",
        "type": "github"
      },
      "original": {
        "owner": "numtide",
        "repo": "flake-utils",
        "type": "github"
      }
    },
    "utils_3": {
      "locked": {
        "lastModified": 1623875721,
        "narHash": "sha256-A8BU7bjS5GirpAUv4QA+QnJ4CceLHkcXdRp4xITDB0s=",
        "owner": "numtide",
        "repo": "flake-utils",
        "rev": "f7e004a55b120c02ecb6219596820fcd32ca8772",
        "type": "github"
      },
      "original": {
        "owner": "numtide",
        "repo": "flake-utils",
        "type": "github"
      }
    },
    "utils_4": {
      "locked": {
        "lastModified": 1613500319,
        "narHash": "sha256-ybAq6pImFCSnwyhhmnnvV567JM4GuhCEG/PHBkSS86U=",
        "owner": "kreisys",
        "repo": "flake-utils",
        "rev": "28e72370213c9bc2cf094ab07b8ac95f3c6bb60f",
        "type": "github"
      },
      "original": {
        "owner": "kreisys",
        "repo": "flake-utils",
        "type": "github"
      }
    },
    "utils_5": {
      "locked": {
        "lastModified": 1637014545,
        "narHash": "sha256-26IZAc5yzlD9FlDT54io1oqG/bBoyka+FJk5guaX4x4=",
        "owner": "numtide",
        "repo": "flake-utils",
        "rev": "bba5dcc8e0b20ab664967ad83d24d64cb64ec4f4",
        "type": "github"
      },
      "original": {
        "owner": "numtide",
        "repo": "flake-utils",
        "type": "github"
      }
    },
    "utils_6": {
      "locked": {
        "lastModified": 1623875721,
        "narHash": "sha256-A8BU7bjS5GirpAUv4QA+QnJ4CceLHkcXdRp4xITDB0s=",
        "owner": "numtide",
        "repo": "flake-utils",
        "rev": "f7e004a55b120c02ecb6219596820fcd32ca8772",
        "type": "github"
      },
      "original": {
        "owner": "numtide",
        "repo": "flake-utils",
        "type": "github"
      }
    }
  },
  "root": "root",
  "version": 7
}
